
Microsoft Visual Studio Solution File, Format Version 12.00
# Visual Studio Version 18
VisualStudioVersion = 18.5.11716.220
MinimumVisualStudioVersion = 10.0.40219.1
Project("{8BC9CEB8-8B4A-11D0-8D11-00A0C91BC942}") = "ECS", "ECS\ECS.vcxproj", "{E55A7699-E4F4-41EE-99E1-F2F5E5098FCA}"
	ProjectSection(ProjectDependencies) = postProject
		{315DE0B9-7E02-4AE3-9B32-C6C485189582} = {315DE0B9-7E02-4AE3-9B32-C6C485189582}
		{958EAE1D-799C-4029-8057-791886BE38BF} = {958EAE1D-799C-4029-8057-791886BE38BF}
		{BDA70C08-9EE0-44C9-B37D-AE3B7AFCF794} = {BDA70C08-9EE0-44C9-B37D-AE3B7AFCF794}
		{BEE2D553-9249-4E22-834E-9F026593C599} = {BEE2D553-9249-4E22-834E-9F026593C599}
	EndProjectSection
EndProject
Project("{8BC9CEB8-8B4A-11D0-8D11-00A0C91BC942}") = "Renderer", "Renderer\Renderer.vcxproj", "{3472EBFE-6E2B-4935-A989-49EB6BC5990A}"
	ProjectSection(ProjectDependencies) = postProject
		{315DE0B9-7E02-4AE3-9B32-C6C485189582} = {315DE0B9-7E02-4AE3-9B32-C6C485189582}
		{32FA391F-B7A0-4968-A804-0F60B7167B37} = {32FA391F-B7A0-4968-A804-0F60B7167B37}
		{6FA5C755-9DCF-4359-9DDB-EEF78B6FFB4D} = {6FA5C755-9DCF-4359-9DDB-EEF78B6FFB4D}
		{958EAE1D-799C-4029-8057-791886BE38BF} = {958EAE1D-799C-4029-8057-791886BE38BF}
		{BDA70C08-9EE0-44C9-B37D-AE3B7AFCF794} = {BDA70C08-9EE0-44C9-B37D-AE3B7AFCF794}
		{BEE2D553-9249-4E22-834E-9F026593C599} = {BEE2D553-9249-4E22-834E-9F026593C599}
		{E55A7699-E4F4-41EE-99E1-F2F5E5098FCA} = {E55A7699-E4F4-41EE-99E1-F2F5E5098FCA}
	EndProjectSection
EndProject
Project("{8BC9CEB8-8B4A-11D0-8D11-00A0C91BC942}") = "Math", "Math\math.vcxproj", "{BDA70C08-9EE0-44C9-B37D-AE3B7AFCF794}"
	ProjectSection(ProjectDependencies) = postProject
		{315DE0B9-7E02-4AE3-9B32-C6C485189582} = {315DE0B9-7E02-4AE3-9B32-C6C485189582}
	EndProjectSection
EndProject
Project("{8BC9CEB8-8B4A-11D0-8D11-00A0C91BC942}") = "Errors", "Errors\Errors.vcxproj", "{315DE0B9-7E02-4AE3-9B32-C6C485189582}"
EndProject
Project("{2150E333-8FDC-42A3-9474-1A3956D46DE8}") = "Solution Items", "Solution Items", "{8EC462FD-D22E-90A8-E5CE-7E832BA40C5D}"
	ProjectSection(SolutionItems) = preProject
		CMakeLists.txt = CMakeLists.txt
		designNotes.txt = designNotes.txt
	EndProjectSection
EndProject
Project("{8BC9CEB8-8B4A-11D0-8D11-00A0C91BC942}") = "EngineStructure", "EngineStructure\EngineStructure.vcxproj", "{958EAE1D-799C-4029-8057-791886BE38BF}"
	ProjectSection(ProjectDependencies) = postProject
		{315DE0B9-7E02-4AE3-9B32-C6C485189582} = {315DE0B9-7E02-4AE3-9B32-C6C485189582}
		{BDA70C08-9EE0-44C9-B37D-AE3B7AFCF794} = {BDA70C08-9EE0-44C9-B37D-AE3B7AFCF794}
	EndProjectSection
EndProject
Project("{8BC9CEB8-8B4A-11D0-8D11-00A0C91BC942}") = "Resources", "Resources\Resources.vcxproj", "{6FA5C755-9DCF-4359-9DDB-EEF78B6FFB4D}"
	ProjectSection(ProjectDependencies) = postProject
		{315DE0B9-7E02-4AE3-9B32-C6C485189582} = {315DE0B9-7E02-4AE3-9B32-C6C485189582}
		{71D799C9-C00A-4E97-B050-73EC221F615B} = {71D799C9-C00A-4E97-B050-73EC221F615B}
		{958EAE1D-799C-4029-8057-791886BE38BF} = {958EAE1D-799C-4029-8057-791886BE38BF}
		{BEE2D553-9249-4E22-834E-9F026593C599} = {BEE2D553-9249-4E22-834E-9F026593C599}
	EndProjectSection
EndProject
Project("{8BC9CEB8-8B4A-11D0-8D11-00A0C91BC942}") = "Window", "Window\Window.vcxproj", "{32FA391F-B7A0-4968-A804-0F60B7167B37}"
	ProjectSection(ProjectDependencies) = postProject
		{315DE0B9-7E02-4AE3-9B32-C6C485189582} = {315DE0B9-7E02-4AE3-9B32-C6C485189582}
		{71D799C9-C00A-4E97-B050-73EC221F615B} = {71D799C9-C00A-4E97-B050-73EC221F615B}
		{958EAE1D-799C-4029-8057-791886BE38BF} = {958EAE1D-799C-4029-8057-791886BE38BF}
		{BDA70C08-9EE0-44C9-B37D-AE3B7AFCF794} = {BDA70C08-9EE0-44C9-B37D-AE3B7AFCF794}
		{BEE2D553-9249-4E22-834E-9F026593C599} = {BEE2D553-9249-4E22-834E-9F026593C599}
	EndProjectSection
EndProject
Project("{8BC9CEB8-8B4A-11D0-8D11-00A0C91BC942}") = "zGameTest", "zGameTest\zGameTest.vcxproj", "{6D2F4661-15AD-45F1-B1E0-4E2B3DAB42CA}"
	ProjectSection(ProjectDependencies) = postProject
		{02793D58-3FA4-4205-A212-9DA421ECE399} = {02793D58-3FA4-4205-A212-9DA421ECE399}
		{315DE0B9-7E02-4AE3-9B32-C6C485189582} = {315DE0B9-7E02-4AE3-9B32-C6C485189582}
		{32FA391F-B7A0-4968-A804-0F60B7167B37} = {32FA391F-B7A0-4968-A804-0F60B7167B37}
		{3472EBFE-6E2B-4935-A989-49EB6BC5990A} = {3472EBFE-6E2B-4935-A989-49EB6BC5990A}
		{6FA5C755-9DCF-4359-9DDB-EEF78B6FFB4D} = {6FA5C755-9DCF-4359-9DDB-EEF78B6FFB4D}
		{71D799C9-C00A-4E97-B050-73EC221F615B} = {71D799C9-C00A-4E97-B050-73EC221F615B}
		{8BD8301B-F0A0-4A6F-B605-160BE8633BCC} = {8BD8301B-F0A0-4A6F-B605-160BE8633BCC}
		{958EAE1D-799C-4029-8057-791886BE38BF} = {958EAE1D-799C-4029-8057-791886BE38BF}
		{BDA70C08-9EE0-44C9-B37D-AE3B7AFCF794} = {BDA70C08-9EE0-44C9-B37D-AE3B7AFCF794}
		{BEE2D553-9249-4E22-834E-9F026593C599} = {BEE2D553-9249-4E22-834E-9F026593C599}
		{C312E567-D430-4BB8-9458-1C38D2133689} = {C312E567-D430-4BB8-9458-1C38D2133689}
		{E55A7699-E4F4-41EE-99E1-F2F5E5098FCA} = {E55A7699-E4F4-41EE-99E1-F2F5E5098FCA}
	EndProjectSection
EndProject
Project("{8BC9CEB8-8B4A-11D0-8D11-00A0C91BC942}") = "Input", "Input\Input.vcxproj", "{71D799C9-C00A-4E97-B050-73EC221F615B}"
	ProjectSection(ProjectDependencies) = postProject
		{315DE0B9-7E02-4AE3-9B32-C6C485189582} = {315DE0B9-7E02-4AE3-9B32-C6C485189582}
		{958EAE1D-799C-4029-8057-791886BE38BF} = {958EAE1D-799C-4029-8057-791886BE38BF}
		{BDA70C08-9EE0-44C9-B37D-AE3B7AFCF794} = {BDA70C08-9EE0-44C9-B37D-AE3B7AFCF794}
		{BEE2D553-9249-4E22-834E-9F026593C599} = {BEE2D553-9249-4E22-834E-9F026593C599}
	EndProjectSection
EndProject
Project("{8BC9CEB8-8B4A-11D0-8D11-00A0C91BC942}") = "Physics", "Physics\Physics.vcxproj", "{02793D58-3FA4-4205-A212-9DA421ECE399}"
	ProjectSection(ProjectDependencies) = postProject
		{315DE0B9-7E02-4AE3-9B32-C6C485189582} = {315DE0B9-7E02-4AE3-9B32-C6C485189582}
		{958EAE1D-799C-4029-8057-791886BE38BF} = {958EAE1D-799C-4029-8057-791886BE38BF}
		{BDA70C08-9EE0-44C9-B37D-AE3B7AFCF794} = {BDA70C08-9EE0-44C9-B37D-AE3B7AFCF794}
		{BEE2D553-9249-4E22-834E-9F026593C599} = {BEE2D553-9249-4E22-834E-9F026593C599}
		{E55A7699-E4F4-41EE-99E1-F2F5E5098FCA} = {E55A7699-E4F4-41EE-99E1-F2F5E5098FCA}
	EndProjectSection
EndProject
Project("{8BC9CEB8-8B4A-11D0-8D11-00A0C91BC942}") = "Platform", "Platform\Platform.vcxproj", "{8BD8301B-F0A0-4A6F-B605-160BE8633BCC}"
	ProjectSection(ProjectDependencies) = postProject
		{BEE2D553-9249-4E22-834E-9F026593C599} = {BEE2D553-9249-4E22-834E-9F026593C599}
	EndProjectSection
EndProject
Project("{8BC9CEB8-8B4A-11D0-8D11-00A0C91BC942}") = "Communication", "Communication\Communication.vcxproj", "{BEE2D553-9249-4E22-834E-9F026593C599}"
	ProjectSection(ProjectDependencies) = postProject
		{315DE0B9-7E02-4AE3-9B32-C6C485189582} = {315DE0B9-7E02-4AE3-9B32-C6C485189582}
		{958EAE1D-799C-4029-8057-791886BE38BF} = {958EAE1D-799C-4029-8057-791886BE38BF}
		{BDA70C08-9EE0-44C9-B37D-AE3B7AFCF794} = {BDA70C08-9EE0-44C9-B37D-AE3B7AFCF794}
	EndProjectSection
EndProject
Project("{8BC9CEB8-8B4A-11D0-8D11-00A0C91BC942}") = "OCTAVIANEngine", "OCTAVIANEngine\OCTAVIANEngine.vcxproj", "{C312E567-D430-4BB8-9458-1C38D2133689}"
EndProject
Project("{8BC9CEB8-8B4A-11D0-8D11-00A0C91BC942}") = "Registry", "Registry\Registry.vcxproj", "{0E52D325-59F4-4169-8F7A-D9A9D468907C}"
EndProject
Project("{8BC9CEB8-8B4A-11D0-8D11-00A0C91BC942}") = "Core", "Core\Core.vcxproj", "{20ED3712-C186-436C-ACCF-F9DDD5AD8489}"
EndProject
Project("{8BC9CEB8-8B4A-11D0-8D11-00A0C91BC942}") = "World", "World\World.vcxproj", "{AFC0DA87-CCF2-474B-9C89-3C895AC19CBA}"
	ProjectSection(ProjectDependencies) = postProject
		{20ED3712-C186-436C-ACCF-F9DDD5AD8489} = {20ED3712-C186-436C-ACCF-F9DDD5AD8489}
	EndProjectSection
EndProject
Project("{8BC9CEB8-8B4A-11D0-8D11-00A0C91BC942}") = "_SYSTEM_TEMPLATE", "_SYSTEM_TEMPLATE\_SYSTEM_TEMPLATE.vcxproj", "{116C9535-606D-42E0-9118-A58D180CEBE6}"
	ProjectSection(ProjectDependencies) = postProject
		{20ED3712-C186-436C-ACCF-F9DDD5AD8489} = {20ED3712-C186-436C-ACCF-F9DDD5AD8489}
	EndProjectSection
EndProject
Project("{8BC9CEB8-8B4A-11D0-8D11-00A0C91BC942}") = "ZZGAMETEST", "ZZGAMETEST\ZZGAMETEST.vcxproj", "{741EF9CD-0DEB-4D02-BAB9-C1E6B35BD6B9}"
	ProjectSection(ProjectDependencies) = postProject
		{116C9535-606D-42E0-9118-A58D180CEBE6} = {116C9535-606D-42E0-9118-A58D180CEBE6}
		{20ED3712-C186-436C-ACCF-F9DDD5AD8489} = {20ED3712-C186-436C-ACCF-F9DDD5AD8489}
		{AFC0DA87-CCF2-474B-9C89-3C895AC19CBA} = {AFC0DA87-CCF2-474B-9C89-3C895AC19CBA}
	EndProjectSection
EndProject
Global
	GlobalSection(SolutionConfigurationPlatforms) = preSolution
		Debug|x64 = Debug|x64
		Debug|x86 = Debug|x86
		Release|x64 = Release|x64
		Release|x86 = Release|x86
	EndGlobalSection
	GlobalSection(ProjectConfigurationPlatforms) = postSolution
		{E55A7699-E4F4-41EE-99E1-F2F5E5098FCA}.Debug|x64.ActiveCfg = Debug|x64
		{E55A7699-E4F4-41EE-99E1-F2F5E5098FCA}.Debug|x64.Build.0 = Debug|x64
		{E55A7699-E4F4-41EE-99E1-F2F5E5098FCA}.Debug|x86.ActiveCfg = Debug|Win32
		{E55A7699-E4F4-41EE-99E1-F2F5E5098FCA}.Debug|x86.Build.0 = Debug|Win32
		{E55A7699-E4F4-41EE-99E1-F2F5E5098FCA}.Release|x64.ActiveCfg = Release|x64
		{E55A7699-E4F4-41EE-99E1-F2F5E5098FCA}.Release|x64.Build.0 = Release|x64
		{E55A7699-E4F4-41EE-99E1-F2F5E5098FCA}.Release|x86.ActiveCfg = Release|Win32
		{E55A7699-E4F4-41EE-99E1-F2F5E5098FCA}.Release|x86.Build.0 = Release|Win32
		{3472EBFE-6E2B-4935-A989-49EB6BC5990A}.Debug|x64.ActiveCfg = Debug|x64
		{3472EBFE-6E2B-4935-A989-49EB6BC5990A}.Debug|x64.Build.0 = Debug|x64
		{3472EBFE-6E2B-4935-A989-49EB6BC5990A}.Debug|x86.ActiveCfg = Debug|Win32
		{3472EBFE-6E2B-4935-A989-49EB6BC5990A}.Debug|x86.Build.0 = Debug|Win32
		{3472EBFE-6E2B-4935-A989-49EB6BC5990A}.Release|x64.ActiveCfg = Release|x64
		{3472EBFE-6E2B-4935-A989-49EB6BC5990A}.Release|x64.Build.0 = Release|x64
		{3472EBFE-6E2B-4935-A989-49EB6BC5990A}.Release|x86.ActiveCfg = Release|Win32
		{3472EBFE-6E2B-4935-A989-49EB6BC5990A}.Release|x86.Build.0 = Release|Win32
		{BDA70C08-9EE0-44C9-B37D-AE3B7AFCF794}.Debug|x64.ActiveCfg = Debug|x64
		{BDA70C08-9EE0-44C9-B37D-AE3B7AFCF794}.Debug|x64.Build.0 = Debug|x64
		{BDA70C08-9EE0-44C9-B37D-AE3B7AFCF794}.Debug|x86.ActiveCfg = Debug|Win32
		{BDA70C08-9EE0-44C9-B37D-AE3B7AFCF794}.Debug|x86.Build.0 = Debug|Win32
		{BDA70C08-9EE0-44C9-B37D-AE3B7AFCF794}.Release|x64.ActiveCfg = Release|x64
		{BDA70C08-9EE0-44C9-B37D-AE3B7AFCF794}.Release|x64.Build.0 = Release|x64
		{BDA70C08-9EE0-44C9-B37D-AE3B7AFCF794}.Release|x86.ActiveCfg = Release|Win32
		{BDA70C08-9EE0-44C9-B37D-AE3B7AFCF794}.Release|x86.Build.0 = Release|Win32
		{315DE0B9-7E02-4AE3-9B32-C6C485189582}.Debug|x64.ActiveCfg = Debug|x64
		{315DE0B9-7E02-4AE3-9B32-C6C485189582}.Debug|x64.Build.0 = Debug|x64
		{315DE0B9-7E02-4AE3-9B32-C6C485189582}.Debug|x86.ActiveCfg = Debug|Win32
		{315DE0B9-7E02-4AE3-9B32-C6C485189582}.Debug|x86.Build.0 = Debug|Win32
		{315DE0B9-7E02-4AE3-9B32-C6C485189582}.Release|x64.ActiveCfg = Release|x64
		{315DE0B9-7E02-4AE3-9B32-C6C485189582}.Release|x64.Build.0 = Release|x64
		{315DE0B9-7E02-4AE3-9B32-C6C485189582}.Release|x86.ActiveCfg = Release|Win32
		{315DE0B9-7E02-4AE3-9B32-C6C485189582}.Release|x86.Build.0 = Release|Win32
		{958EAE1D-799C-4029-8057-791886BE38BF}.Debug|x64.ActiveCfg = Debug|x64
		{958EAE1D-799C-4029-8057-791886BE38BF}.Debug|x64.Build.0 = Debug|x64
		{958EAE1D-799C-4029-8057-791886BE38BF}.Debug|x86.ActiveCfg = Debug|Win32
		{958EAE1D-799C-4029-8057-791886BE38BF}.Debug|x86.Build.0 = Debug|Win32
		{958EAE1D-799C-4029-8057-791886BE38BF}.Release|x64.ActiveCfg = Release|x64
		{958EAE1D-799C-4029-8057-791886BE38BF}.Release|x64.Build.0 = Release|x64
		{958EAE1D-799C-4029-8057-791886BE38BF}.Release|x86.ActiveCfg = Release|Win32
		{958EAE1D-799C-4029-8057-791886BE38BF}.Release|x86.Build.0 = Release|Win32
		{6FA5C755-9DCF-4359-9DDB-EEF78B6FFB4D}.Debug|x64.ActiveCfg = Debug|x64
		{6FA5C755-9DCF-4359-9DDB-EEF78B6FFB4D}.Debug|x64.Build.0 = Debug|x64
		{6FA5C755-9DCF-4359-9DDB-EEF78B6FFB4D}.Debug|x86.ActiveCfg = Debug|Win32
		{6FA5C755-9DCF-4359-9DDB-EEF78B6FFB4D}.Debug|x86.Build.0 = Debug|Win32
		{6FA5C755-9DCF-4359-9DDB-EEF78B6FFB4D}.Release|x64.ActiveCfg = Release|x64
		{6FA5C755-9DCF-4359-9DDB-EEF78B6FFB4D}.Release|x64.Build.0 = Release|x64
		{6FA5C755-9DCF-4359-9DDB-EEF78B6FFB4D}.Release|x86.ActiveCfg = Release|Win32
		{6FA5C755-9DCF-4359-9DDB-EEF78B6FFB4D}.Release|x86.Build.0 = Release|Win32
		{32FA391F-B7A0-4968-A804-0F60B7167B37}.Debug|x64.ActiveCfg = Debug|x64
		{32FA391F-B7A0-4968-A804-0F60B7167B37}.Debug|x64.Build.0 = Debug|x64
		{32FA391F-B7A0-4968-A804-0F60B7167B37}.Debug|x86.ActiveCfg = Debug|Win32
		{32FA391F-B7A0-4968-A804-0F60B7167B37}.Debug|x86.Build.0 = Debug|Win32
		{32FA391F-B7A0-4968-A804-0F60B7167B37}.Release|x64.ActiveCfg = Release|x64
		{32FA391F-B7A0-4968-A804-0F60B7167B37}.Release|x64.Build.0 = Release|x64
		{32FA391F-B7A0-4968-A804-0F60B7167B37}.Release|x86.ActiveCfg = Release|Win32
		{32FA391F-B7A0-4968-A804-0F60B7167B37}.Release|x86.Build.0 = Release|Win32
		{6D2F4661-15AD-45F1-B1E0-4E2B3DAB42CA}.Debug|x64.ActiveCfg = Debug|x64
		{6D2F4661-15AD-45F1-B1E0-4E2B3DAB42CA}.Debug|x64.Build.0 = Debug|x64
		{6D2F4661-15AD-45F1-B1E0-4E2B3DAB42CA}.Debug|x86.ActiveCfg = Debug|Win32
		{6D2F4661-15AD-45F1-B1E0-4E2B3DAB42CA}.Debug|x86.Build.0 = Debug|Win32
		{6D2F4661-15AD-45F1-B1E0-4E2B3DAB42CA}.Release|x64.ActiveCfg = Release|x64
		{6D2F4661-15AD-45F1-B1E0-4E2B3DAB42CA}.Release|x64.Build.0 = Release|x64
		{6D2F4661-15AD-45F1-B1E0-4E2B3DAB42CA}.Release|x86.ActiveCfg = Release|Win32
		{6D2F4661-15AD-45F1-B1E0-4E2B3DAB42CA}.Release|x86.Build.0 = Release|Win32
		{71D799C9-C00A-4E97-B050-73EC221F615B}.Debug|x64.ActiveCfg = Debug|x64
		{71D799C9-C00A-4E97-B050-73EC221F615B}.Debug|x64.Build.0 = Debug|x64
		{71D799C9-C00A-4E97-B050-73EC221F615B}.Debug|x86.ActiveCfg = Debug|Win32
		{71D799C9-C00A-4E97-B050-73EC221F615B}.Debug|x86.Build.0 = Debug|Win32
		{71D799C9-C00A-4E97-B050-73EC221F615B}.Release|x64.ActiveCfg = Release|x64
		{71D799C9-C00A-4E97-B050-73EC221F615B}.Release|x64.Build.0 = Release|x64
		{71D799C9-C00A-4E97-B050-73EC221F615B}.Release|x86.ActiveCfg = Release|Win32
		{71D799C9-C00A-4E97-B050-73EC221F615B}.Release|x86.Build.0 = Release|Win32
		{02793D58-3FA4-4205-A212-9DA421ECE399}.Debug|x64.ActiveCfg = Debug|x64
		{02793D58-3FA4-4205-A212-9DA421ECE399}.Debug|x64.Build.0 = Debug|x64
		{02793D58-3FA4-4205-A212-9DA421ECE399}.Debug|x86.ActiveCfg = Debug|Win32
		{02793D58-3FA4-4205-A212-9DA421ECE399}.Debug|x86.Build.0 = Debug|Win32
		{02793D58-3FA4-4205-A212-9DA421ECE399}.Release|x64.ActiveCfg = Release|x64
		{02793D58-3FA4-4205-A212-9DA421ECE399}.Release|x64.Build.0 = Release|x64
		{02793D58-3FA4-4205-A212-9DA421ECE399}.Release|x86.ActiveCfg = Release|Win32
		{02793D58-3FA4-4205-A212-9DA421ECE399}.Release|x86.Build.0 = Release|Win32
		{8BD8301B-F0A0-4A6F-B605-160BE8633BCC}.Debug|x64.ActiveCfg = Debug|x64
		{8BD8301B-F0A0-4A6F-B605-160BE8633BCC}.Debug|x64.Build.0 = Debug|x64
		{8BD8301B-F0A0-4A6F-B605-160BE8633BCC}.Debug|x86.ActiveCfg = Debug|Win32
		{8BD8301B-F0A0-4A6F-B605-160BE8633BCC}.Debug|x86.Build.0 = Debug|Win32
		{8BD8301B-F0A0-4A6F-B605-160BE8633BCC}.Release|x64.ActiveCfg = Release|x64
		{8BD8301B-F0A0-4A6F-B605-160BE8633BCC}.Release|x64.Build.0 = Release|x64
		{8BD8301B-F0A0-4A6F-B605-160BE8633BCC}.Release|x86.ActiveCfg = Release|Win32
		{8BD8301B-F0A0-4A6F-B605-160BE8633BCC}.Release|x86.Build.0 = Release|Win32
		{BEE2D553-9249-4E22-834E-9F026593C599}.Debug|x64.ActiveCfg = Debug|x64
		{BEE2D553-9249-4E22-834E-9F026593C599}.Debug|x64.Build.0 = Debug|x64
		{BEE2D553-9249-4E22-834E-9F026593C599}.Debug|x86.ActiveCfg = Debug|Win32
		{BEE2D553-9249-4E22-834E-9F026593C599}.Debug|x86.Build.0 = Debug|Win32
		{BEE2D553-9249-4E22-834E-9F026593C599}.Release|x64.ActiveCfg = Release|x64
		{BEE2D553-9249-4E22-834E-9F026593C599}.Release|x64.Build.0 = Release|x64
		{BEE2D553-9249-4E22-834E-9F026593C599}.Release|x86.ActiveCfg = Release|Win32
		{BEE2D553-9249-4E22-834E-9F026593C599}.Release|x86.Build.0 = Release|Win32
		{C312E567-D430-4BB8-9458-1C38D2133689}.Debug|x64.ActiveCfg = Debug|x64
		{C312E567-D430-4BB8-9458-1C38D2133689}.Debug|x64.Build.0 = Debug|x64
		{C312E567-D430-4BB8-9458-1C38D2133689}.Debug|x86.ActiveCfg = Debug|Win32
		{C312E567-D430-4BB8-9458-1C38D2133689}.Debug|x86.Build.0 = Debug|Win32
		{C312E567-D430-4BB8-9458-1C38D2133689}.Release|x64.ActiveCfg = Release|x64
		{C312E567-D430-4BB8-9458-1C38D2133689}.Release|x64.Build.0 = Release|x64
		{C312E567-D430-4BB8-9458-1C38D2133689}.Release|x86.ActiveCfg = Release|Win32
		{C312E567-D430-4BB8-9458-1C38D2133689}.Release|x86.Build.0 = Release|Win32
		{0E52D325-59F4-4169-8F7A-D9A9D468907C}.Debug|x64.ActiveCfg = Debug|x64
		{0E52D325-59F4-4169-8F7A-D9A9D468907C}.Debug|x64.Build.0 = Debug|x64
		{0E52D325-59F4-4169-8F7A-D9A9D468907C}.Debug|x86.ActiveCfg = Debug|Win32
		{0E52D325-59F4-4169-8F7A-D9A9D468907C}.Debug|x86.Build.0 = Debug|Win32
		{0E52D325-59F4-4169-8F7A-D9A9D468907C}.Release|x64.ActiveCfg = Release|x64
		{0E52D325-59F4-4169-8F7A-D9A9D468907C}.Release|x64.Build.0 = Release|x64
		{0E52D325-59F4-4169-8F7A-D9A9D468907C}.Release|x86.ActiveCfg = Release|Win32
		{0E52D325-59F4-4169-8F7A-D9A9D468907C}.Release|x86.Build.0 = Release|Win32
		{20ED3712-C186-436C-ACCF-F9DDD5AD8489}.Debug|x64.ActiveCfg = Debug|x64
		{20ED3712-C186-436C-ACCF-F9DDD5AD8489}.Debug|x64.Build.0 = Debug|x64
		{20ED3712-C186-436C-ACCF-F9DDD5AD8489}.Debug|x86.ActiveCfg = Debug|Win32
		{20ED3712-C186-436C-ACCF-F9DDD5AD8489}.Debug|x86.Build.0 = Debug|Win32
		{20ED3712-C186-436C-ACCF-F9DDD5AD8489}.Release|x64.ActiveCfg = Release|x64
		{20ED3712-C186-436C-ACCF-F9DDD5AD8489}.Release|x64.Build.0 = Release|x64
		{20ED3712-C186-436C-ACCF-F9DDD5AD8489}.Release|x86.ActiveCfg = Release|Win32
		{20ED3712-C186-436C-ACCF-F9DDD5AD8489}.Release|x86.Build.0 = Release|Win32
		{AFC0DA87-CCF2-474B-9C89-3C895AC19CBA}.Debug|x64.ActiveCfg = Debug|x64
		{AFC0DA87-CCF2-474B-9C89-3C895AC19CBA}.Debug|x64.Build.0 = Debug|x64
		{AFC0DA87-CCF2-474B-9C89-3C895AC19CBA}.Debug|x86.ActiveCfg = Debug|Win32
		{AFC0DA87-CCF2-474B-9C89-3C895AC19CBA}.Debug|x86.Build.0 = Debug|Win32
		{AFC0DA87-CCF2-474B-9C89-3C895AC19CBA}.Release|x64.ActiveCfg = Release|x64
		{AFC0DA87-CCF2-474B-9C89-3C895AC19CBA}.Release|x64.Build.0 = Release|x64
		{AFC0DA87-CCF2-474B-9C89-3C895AC19CBA}.Release|x86.ActiveCfg = Release|Win32
		{AFC0DA87-CCF2-474B-9C89-3C895AC19CBA}.Release|x86.Build.0 = Release|Win32
		{116C9535-606D-42E0-9118-A58D180CEBE6}.Debug|x64.ActiveCfg = Debug|x64
		{116C9535-606D-42E0-9118-A58D180CEBE6}.Debug|x64.Build.0 = Debug|x64
		{116C9535-606D-42E0-9118-A58D180CEBE6}.Debug|x86.ActiveCfg = Debug|Win32
		{116C9535-606D-42E0-9118-A58D180CEBE6}.Debug|x86.Build.0 = Debug|Win32
		{116C9535-606D-42E0-9118-A58D180CEBE6}.Release|x64.ActiveCfg = Release|x64
		{116C9535-606D-42E0-9118-A58D180CEBE6}.Release|x64.Build.0 = Release|x64
		{116C9535-606D-42E0-9118-A58D180CEBE6}.Release|x86.ActiveCfg = Release|Win32
		{116C9535-606D-42E0-9118-A58D180CEBE6}.Release|x86.Build.0 = Release|Win32
		{741EF9CD-0DEB-4D02-BAB9-C1E6B35BD6B9}.Debug|x64.ActiveCfg = Debug|x64
		{741EF9CD-0DEB-4D02-BAB9-C1E6B35BD6B9}.Debug|x64.Build.0 = Debug|x64
		{741EF9CD-0DEB-4D02-BAB9-C1E6B35BD6B9}.Debug|x86.ActiveCfg = Debug|Win32
		{741EF9CD-0DEB-4D02-BAB9-C1E6B35BD6B9}.Debug|x86.Build.0 = Debug|Win32
		{741EF9CD-0DEB-4D02-BAB9-C1E6B35BD6B9}.Release|x64.ActiveCfg = Release|x64
		{741EF9CD-0DEB-4D02-BAB9-C1E6B35BD6B9}.Release|x64.Build.0 = Release|x64
		{741EF9CD-0DEB-4D02-BAB9-C1E6B35BD6B9}.Release|x86.ActiveCfg = Release|Win32
		{741EF9CD-0DEB-4D02-BAB9-C1E6B35BD6B9}.Release|x86.Build.0 = Release|Win32
	EndGlobalSection
	GlobalSection(SolutionProperties) = preSolution
		HideSolutionNode = FALSE
	EndGlobalSection
	GlobalSection(ExtensibilityGlobals) = postSolution
		SolutionGuid = {216DF867-6ABD-402D-A0AB-EDDF77AFCDCB}
	EndGlobalSection
EndGlobal
